
Microsoft Visual Studio Solution File, Format Version 12.00
# Visual Studio 2015
Project("{FAE04EC0-301F-11D3-BF4B-00C04F79EFBC}") = "LaonzTouhLib.CSharp", "LaonzTouhLib.CSharp.csproj", "{C51B31A8-4047-66FE-742D-9BBF1ABC85A5}"
EndProject
Project("{FAE04EC0-301F-11D3-BF4B-00C04F79EFBC}") = "LaonzTouhLib.CSharp.Editor", "LaonzTouhLib.CSharp.Editor.csproj", "{EAE5FEA2-E2D8-5B07-E1AF-8AE699189F40}"
EndProject
Global
	GlobalSection(SolutionConfigurationPlatforms) = preSolution
		Debug|Any CPU = Debug|Any CPU
		Release|Any CPU = Release|Any CPU
	EndGlobalSection
	GlobalSection(ProjectConfigurationPlatforms) = postSolution
		{C51B31A8-4047-66FE-742D-9BBF1ABC85A5}.Debug|Any CPU.ActiveCfg = Debug|Any CPU
		{C51B31A8-4047-66FE-742D-9BBF1ABC85A5}.Debug|Any CPU.Build.0 = Debug|Any CPU
		{C51B31A8-4047-66FE-742D-9BBF1ABC85A5}.Release|Any CPU.ActiveCfg = Release|Any CPU
		{C51B31A8-4047-66FE-742D-9BBF1ABC85A5}.Release|Any CPU.Build.0 = Release|Any CPU
		{EAE5FEA2-E2D8-5B07-E1AF-8AE699189F40}.Debug|Any CPU.ActiveCfg = Debug|Any CPU
		{EAE5FEA2-E2D8-5B07-E1AF-8AE699189F40}.Debug|Any CPU.Build.0 = Debug|Any CPU
		{EAE5FEA2-E2D8-5B07-E1AF-8AE699189F40}.Release|Any CPU.ActiveCfg = Release|Any CPU
		{EAE5FEA2-E2D8-5B07-E1AF-8AE699189F40}.Release|Any CPU.Build.0 = Release|Any CPU
	EndGlobalSection
	GlobalSection(SolutionProperties) = preSolution
		HideSolutionNode = FALSE
	EndGlobalSection
EndGlobal
